
Microsoft Visual Studio Solution File, Format Version 12.00
# Visual Studio Version 16
VisualStudioVersion = 16.0.29102.190
MinimumVisualStudioVersion = 10.0.40219.1
Project("{FAE04EC0-301F-11D3-BF4B-00C04F79EFBC}") = "ISAM5430.Class01.Homework", "ISAM5430.Class01.Homework\ISAM5430.Class01.Homework.csproj", "{A8D389CC-03BA-4613-9BAC-3DFF1B02D0C9}"
EndProject
Global
	GlobalSection(SolutionConfigurationPlatforms) = preSolution
		Debug|Any CPU = Debug|Any CPU
		Release|Any CPU = Release|Any CPU
	EndGlobalSection
	GlobalSection(ProjectConfigurationPlatforms) = postSolution
		{A8D389CC-03BA-4613-9BAC-3DFF1B02D0C9}.Debug|Any CPU.ActiveCfg = Debug|Any CPU
		{A8D389CC-03BA-4613-9BAC-3DFF1B02D0C9}.Debug|Any CPU.Build.0 = Debug|Any CPU
		{A8D389CC-03BA-4613-9BAC-3DFF1B02D0C9}.Release|Any CPU.ActiveCfg = Release|Any CPU
		{A8D389CC-03BA-4613-9BAC-3DFF1B02D0C9}.Release|Any CPU.Build.0 = Release|Any CPU
	EndGlobalSection
	GlobalSection(SolutionProperties) = preSolution
		HideSolutionNode = FALSE
	EndGlobalSection
	GlobalSection(ExtensibilityGlobals) = postSolution
		SolutionGuid = {651238A6-487E-42AF-A35C-6FA039925EA2}
	EndGlobalSection
EndGlobal
